
Microsoft Visual Studio Solution File, Format Version 12.00
# Visual Studio 14
VisualStudioVersion = 14.0.25420.1
MinimumVisualStudioVersion = 10.0.40219.1
Project("{FAE04EC0-301F-11D3-BF4B-00C04F79EFBC}") = "HackerRank", "HackerRank\HackerRank.csproj", "{BCBF6AE0-E7AA-4813-B732-74E49D9AE3CB}"
EndProject
Project("{FAE04EC0-301F-11D3-BF4B-00C04F79EFBC}") = "KingdomConnectivity", "KingdomConnectivity\KingdomConnectivity.csproj", "{8A16D820-1FBD-456E-952C-1BF118E99C42}"
EndProject
Project("{FAE04EC0-301F-11D3-BF4B-00C04F79EFBC}") = "CircularArrayRotation", "CircularArrayRotation\CircularArrayRotation.csproj", "{788FF478-C1A4-4DF3-9457-4E07270EE95E}"
EndProject
Project("{FAE04EC0-301F-11D3-BF4B-00C04F79EFBC}") = "DivisibleNumbers", "DivisibleNumbers\DivisibleNumbers.csproj", "{73D4C2E1-1925-4746-9355-8A722F8DFCD1}"
EndProject
Global
	GlobalSection(SolutionConfigurationPlatforms) = preSolution
		Debug|Any CPU = Debug|Any CPU
		Release|Any CPU = Release|Any CPU
	EndGlobalSection
	GlobalSection(ProjectConfigurationPlatforms) = postSolution
		{BCBF6AE0-E7AA-4813-B732-74E49D9AE3CB}.Debug|Any CPU.ActiveCfg = Debug|Any CPU
		{BCBF6AE0-E7AA-4813-B732-74E49D9AE3CB}.Debug|Any CPU.Build.0 = Debug|Any CPU
		{BCBF6AE0-E7AA-4813-B732-74E49D9AE3CB}.Release|Any CPU.ActiveCfg = Release|Any CPU
		{BCBF6AE0-E7AA-4813-B732-74E49D9AE3CB}.Release|Any CPU.Build.0 = Release|Any CPU
		{8A16D820-1FBD-456E-952C-1BF118E99C42}.Debug|Any CPU.ActiveCfg = Debug|Any CPU
		{8A16D820-1FBD-456E-952C-1BF118E99C42}.Debug|Any CPU.Build.0 = Debug|Any CPU
		{8A16D820-1FBD-456E-952C-1BF118E99C42}.Release|Any CPU.ActiveCfg = Release|Any CPU
		{8A16D820-1FBD-456E-952C-1BF118E99C42}.Release|Any CPU.Build.0 = Release|Any CPU
		{788FF478-C1A4-4DF3-9457-4E07270EE95E}.Debug|Any CPU.ActiveCfg = Debug|Any CPU
		{788FF478-C1A4-4DF3-9457-4E07270EE95E}.Debug|Any CPU.Build.0 = Debug|Any CPU
		{788FF478-C1A4-4DF3-9457-4E07270EE95E}.Release|Any CPU.ActiveCfg = Release|Any CPU
		{788FF478-C1A4-4DF3-9457-4E07270EE95E}.Release|Any CPU.Build.0 = Release|Any CPU
		{73D4C2E1-1925-4746-9355-8A722F8DFCD1}.Debug|Any CPU.ActiveCfg = Debug|Any CPU
		{73D4C2E1-1925-4746-9355-8A722F8DFCD1}.Debug|Any CPU.Build.0 = Debug|Any CPU
		{73D4C2E1-1925-4746-9355-8A722F8DFCD1}.Release|Any CPU.ActiveCfg = Release|Any CPU
		{73D4C2E1-1925-4746-9355-8A722F8DFCD1}.Release|Any CPU.Build.0 = Release|Any CPU
	EndGlobalSection
	GlobalSection(SolutionProperties) = preSolution
		HideSolutionNode = FALSE
	EndGlobalSection
EndGlobal
