
Microsoft Visual Studio Solution File, Format Version 12.00
# Visual Studio Version 16
VisualStudioVersion = 16.0.29519.87
MinimumVisualStudioVersion = 10.0.40219.1
Project("{FAE04EC0-301F-11D3-BF4B-00C04F79EFBC}") = "HackerRank", "HackerRank\HackerRank.csproj", "{BCBF6AE0-E7AA-4813-B732-74E49D9AE3CB}"
EndProject
Project("{FAE04EC0-301F-11D3-BF4B-00C04F79EFBC}") = "KingdomConnectivity", "KingdomConnectivity\KingdomConnectivity.csproj", "{8A16D820-1FBD-456E-952C-1BF118E99C42}"
EndProject
Project("{FAE04EC0-301F-11D3-BF4B-00C04F79EFBC}") = "CircularArrayRotation", "CircularArrayRotation\CircularArrayRotation.csproj", "{788FF478-C1A4-4DF3-9457-4E07270EE95E}"
EndProject
Project("{FAE04EC0-301F-11D3-BF4B-00C04F79EFBC}") = "DivisibleNumbers", "DivisibleNumbers\DivisibleNumbers.csproj", "{73D4C2E1-1925-4746-9355-8A722F8DFCD1}"
EndProject
Project("{FAE04EC0-301F-11D3-BF4B-00C04F79EFBC}") = "BinaryNumbers", "BinaryNumbers\BinaryNumbers.csproj", "{E04EC86A-93BC-42EB-86DA-FCD1B4B83AAF}"
EndProject
Project("{FAE04EC0-301F-11D3-BF4B-00C04F79EFBC}") = "MatrixLayerRotation", "MatrixLayerRotation\MatrixLayerRotation.csproj", "{00FD2C2E-9B7E-4D28-8DFA-58D93F870EE7}"
EndProject
Project("{9A19103F-16F7-4668-BE54-9A1E7A4F7556}") = "ThePowerSum", "ThePowerSum\ThePowerSum.csproj", "{4E794548-AF18-4AA5-A7DC-753E2703AE08}"
EndProject
Project("{FAE04EC0-301F-11D3-BF4B-00C04F79EFBC}") = "BiggerIsGreater", "BiggerIsGreater\BiggerIsGreater.csproj", "{BE286C4A-57C6-4742-8AE7-E2963B5C0AF0}"
EndProject
Global
	GlobalSection(SolutionConfigurationPlatforms) = preSolution
		Debug|Any CPU = Debug|Any CPU
		Release|Any CPU = Release|Any CPU
	EndGlobalSection
	GlobalSection(ProjectConfigurationPlatforms) = postSolution
		{BCBF6AE0-E7AA-4813-B732-74E49D9AE3CB}.Debug|Any CPU.ActiveCfg = Debug|Any CPU
		{BCBF6AE0-E7AA-4813-B732-74E49D9AE3CB}.Debug|Any CPU.Build.0 = Debug|Any CPU
		{BCBF6AE0-E7AA-4813-B732-74E49D9AE3CB}.Release|Any CPU.ActiveCfg = Release|Any CPU
		{BCBF6AE0-E7AA-4813-B732-74E49D9AE3CB}.Release|Any CPU.Build.0 = Release|Any CPU
		{8A16D820-1FBD-456E-952C-1BF118E99C42}.Debug|Any CPU.ActiveCfg = Debug|Any CPU
		{8A16D820-1FBD-456E-952C-1BF118E99C42}.Debug|Any CPU.Build.0 = Debug|Any CPU
		{8A16D820-1FBD-456E-952C-1BF118E99C42}.Release|Any CPU.ActiveCfg = Release|Any CPU
		{8A16D820-1FBD-456E-952C-1BF118E99C42}.Release|Any CPU.Build.0 = Release|Any CPU
		{788FF478-C1A4-4DF3-9457-4E07270EE95E}.Debug|Any CPU.ActiveCfg = Debug|Any CPU
		{788FF478-C1A4-4DF3-9457-4E07270EE95E}.Debug|Any CPU.Build.0 = Debug|Any CPU
		{788FF478-C1A4-4DF3-9457-4E07270EE95E}.Release|Any CPU.ActiveCfg = Release|Any CPU
		{788FF478-C1A4-4DF3-9457-4E07270EE95E}.Release|Any CPU.Build.0 = Release|Any CPU
		{73D4C2E1-1925-4746-9355-8A722F8DFCD1}.Debug|Any CPU.ActiveCfg = Debug|Any CPU
		{73D4C2E1-1925-4746-9355-8A722F8DFCD1}.Debug|Any CPU.Build.0 = Debug|Any CPU
		{73D4C2E1-1925-4746-9355-8A722F8DFCD1}.Release|Any CPU.ActiveCfg = Release|Any CPU
		{73D4C2E1-1925-4746-9355-8A722F8DFCD1}.Release|Any CPU.Build.0 = Release|Any CPU
		{E04EC86A-93BC-42EB-86DA-FCD1B4B83AAF}.Debug|Any CPU.ActiveCfg = Debug|Any CPU
		{E04EC86A-93BC-42EB-86DA-FCD1B4B83AAF}.Debug|Any CPU.Build.0 = Debug|Any CPU
		{E04EC86A-93BC-42EB-86DA-FCD1B4B83AAF}.Release|Any CPU.ActiveCfg = Release|Any CPU
		{E04EC86A-93BC-42EB-86DA-FCD1B4B83AAF}.Release|Any CPU.Build.0 = Release|Any CPU
		{00FD2C2E-9B7E-4D28-8DFA-58D93F870EE7}.Debug|Any CPU.ActiveCfg = Debug|Any CPU
		{00FD2C2E-9B7E-4D28-8DFA-58D93F870EE7}.Debug|Any CPU.Build.0 = Debug|Any CPU
		{00FD2C2E-9B7E-4D28-8DFA-58D93F870EE7}.Release|Any CPU.ActiveCfg = Release|Any CPU
		{00FD2C2E-9B7E-4D28-8DFA-58D93F870EE7}.Release|Any CPU.Build.0 = Release|Any CPU
		{4E794548-AF18-4AA5-A7DC-753E2703AE08}.Debug|Any CPU.ActiveCfg = Debug|Any CPU
		{4E794548-AF18-4AA5-A7DC-753E2703AE08}.Debug|Any CPU.Build.0 = Debug|Any CPU
		{4E794548-AF18-4AA5-A7DC-753E2703AE08}.Release|Any CPU.ActiveCfg = Release|Any CPU
		{4E794548-AF18-4AA5-A7DC-753E2703AE08}.Release|Any CPU.Build.0 = Release|Any CPU
		{BE286C4A-57C6-4742-8AE7-E2963B5C0AF0}.Debug|Any CPU.ActiveCfg = Debug|Any CPU
		{BE286C4A-57C6-4742-8AE7-E2963B5C0AF0}.Debug|Any CPU.Build.0 = Debug|Any CPU
		{BE286C4A-57C6-4742-8AE7-E2963B5C0AF0}.Release|Any CPU.ActiveCfg = Release|Any CPU
		{BE286C4A-57C6-4742-8AE7-E2963B5C0AF0}.Release|Any CPU.Build.0 = Release|Any CPU
	EndGlobalSection
	GlobalSection(SolutionProperties) = preSolution
		HideSolutionNode = FALSE
	EndGlobalSection
	GlobalSection(ExtensibilityGlobals) = postSolution
		SolutionGuid = {1624F4B6-3AB8-4607-97F4-4AF336195589}
	EndGlobalSection
EndGlobal
